
Microsoft Visual Studio Solution File, Format Version 12.00
# Visual Studio Version 17
VisualStudioVersion = 17.10.35013.160
MinimumVisualStudioVersion = 10.0.40219.1
Project("{2150E333-8FDC-42A3-9474-1A3956D46DE8}") = "FrontEnd", "FrontEnd", "{A79BF356-94C0-4B3D-A512-C5ABB865629B}"
EndProject
Project("{2150E333-8FDC-42A3-9474-1A3956D46DE8}") = "Gateway", "Gateway", "{7EB86B37-28F3-47D6-8607-CE3E942C4BEF}"
EndProject
Project("{2150E333-8FDC-42A3-9474-1A3956D46DE8}") = "Integration", "Integration", "{9019A588-61FA-44E8-9B2B-373681922A0C}"
EndProject
Project("{2150E333-8FDC-42A3-9474-1A3956D46DE8}") = "Services", "Services", "{5E110B9B-FA50-40A2-8B08-96FF3DDBA305}"
EndProject
Project("{9A19103F-16F7-4668-BE54-9A1E7A4F7556}") = "Mango.Services.CouponAPI", "Mango.Services.CouponAPI\Mango.Services.CouponAPI.csproj", "{51C57DBB-AB0F-440D-98FB-BF8072CBA312}"
EndProject
Project("{9A19103F-16F7-4668-BE54-9A1E7A4F7556}") = "Mango.Web", "Mango.Web\Mango.Web.csproj", "{D1FBF2B2-F0FF-464E-B9BD-E09F0EA28756}"
EndProject
Project("{9A19103F-16F7-4668-BE54-9A1E7A4F7556}") = "Mango.Services.AuthAPI", "Mango.Services.AuthAPI\Mango.Services.AuthAPI.csproj", "{36536B6E-F057-471B-A0BA-F790A030F6BC}"
EndProject
Global
	GlobalSection(SolutionConfigurationPlatforms) = preSolution
		Debug|Any CPU = Debug|Any CPU
		Release|Any CPU = Release|Any CPU
	EndGlobalSection
	GlobalSection(ProjectConfigurationPlatforms) = postSolution
		{51C57DBB-AB0F-440D-98FB-BF8072CBA312}.Debug|Any CPU.ActiveCfg = Debug|Any CPU
		{51C57DBB-AB0F-440D-98FB-BF8072CBA312}.Debug|Any CPU.Build.0 = Debug|Any CPU
		{51C57DBB-AB0F-440D-98FB-BF8072CBA312}.Release|Any CPU.ActiveCfg = Release|Any CPU
		{51C57DBB-AB0F-440D-98FB-BF8072CBA312}.Release|Any CPU.Build.0 = Release|Any CPU
		{D1FBF2B2-F0FF-464E-B9BD-E09F0EA28756}.Debug|Any CPU.ActiveCfg = Debug|Any CPU
		{D1FBF2B2-F0FF-464E-B9BD-E09F0EA28756}.Debug|Any CPU.Build.0 = Debug|Any CPU
		{D1FBF2B2-F0FF-464E-B9BD-E09F0EA28756}.Release|Any CPU.ActiveCfg = Release|Any CPU
		{D1FBF2B2-F0FF-464E-B9BD-E09F0EA28756}.Release|Any CPU.Build.0 = Release|Any CPU
		{36536B6E-F057-471B-A0BA-F790A030F6BC}.Debug|Any CPU.ActiveCfg = Debug|Any CPU
		{36536B6E-F057-471B-A0BA-F790A030F6BC}.Debug|Any CPU.Build.0 = Debug|Any CPU
		{36536B6E-F057-471B-A0BA-F790A030F6BC}.Release|Any CPU.ActiveCfg = Release|Any CPU
		{36536B6E-F057-471B-A0BA-F790A030F6BC}.Release|Any CPU.Build.0 = Release|Any CPU
	EndGlobalSection
	GlobalSection(SolutionProperties) = preSolution
		HideSolutionNode = FALSE
	EndGlobalSection
	GlobalSection(NestedProjects) = preSolution
		{51C57DBB-AB0F-440D-98FB-BF8072CBA312} = {5E110B9B-FA50-40A2-8B08-96FF3DDBA305}
		{D1FBF2B2-F0FF-464E-B9BD-E09F0EA28756} = {A79BF356-94C0-4B3D-A512-C5ABB865629B}
		{36536B6E-F057-471B-A0BA-F790A030F6BC} = {5E110B9B-FA50-40A2-8B08-96FF3DDBA305}
	EndGlobalSection
	GlobalSection(ExtensibilityGlobals) = postSolution
		SolutionGuid = {8B22F8E2-2890-4BCF-A3E0-11AE67C1E0D5}
	EndGlobalSection
EndGlobal
